
Microsoft Visual Studio Solution File, Format Version 12.00
# Visual Studio 15
VisualStudioVersion = 15.0.28307.779
MinimumVisualStudioVersion = 10.0.40219.1
Project("{FAE04EC0-301F-11D3-BF4B-00C04F79EFBC}") = "SortHexColors", "SortHexColors\SortHexColors.csproj", "{95E98C31-041D-426F-AD9C-1008DAFB9862}"
EndProject
Global
	GlobalSection(SolutionConfigurationPlatforms) = preSolution
		Debug|Any CPU = Debug|Any CPU
		Debug|x64 = Debug|x64
		Release|Any CPU = Release|Any CPU
		Release|x64 = Release|x64
	EndGlobalSection
	GlobalSection(ProjectConfigurationPlatforms) = postSolution
		{95E98C31-041D-426F-AD9C-1008DAFB9862}.Debug|Any CPU.ActiveCfg = Debug|Any CPU
		{95E98C31-041D-426F-AD9C-1008DAFB9862}.Debug|Any CPU.Build.0 = Debug|Any CPU
		{95E98C31-041D-426F-AD9C-1008DAFB9862}.Debug|x64.ActiveCfg = Debug|x64
		{95E98C31-041D-426F-AD9C-1008DAFB9862}.Debug|x64.Build.0 = Debug|x64
		{95E98C31-041D-426F-AD9C-1008DAFB9862}.Release|Any CPU.ActiveCfg = Release|Any CPU
		{95E98C31-041D-426F-AD9C-1008DAFB9862}.Release|Any CPU.Build.0 = Release|Any CPU
		{95E98C31-041D-426F-AD9C-1008DAFB9862}.Release|x64.ActiveCfg = Release|x64
		{95E98C31-041D-426F-AD9C-1008DAFB9862}.Release|x64.Build.0 = Release|x64
	EndGlobalSection
	GlobalSection(SolutionProperties) = preSolution
		HideSolutionNode = FALSE
	EndGlobalSection
	GlobalSection(ExtensibilityGlobals) = postSolution
		SolutionGuid = {AACDB7FF-91CB-4FC9-B2B5-8FB29D45D405}
	EndGlobalSection
EndGlobal
